
Microsoft Visual Studio Solution File, Format Version 12.00
# Visual Studio Version 17
VisualStudioVersion = 17.4.33122.133
MinimumVisualStudioVersion = 10.0.40219.1
Project("{9A19103F-16F7-4668-BE54-9A1E7A4F7556}") = "Day1", "Day1\Day1.csproj", "{77C89B55-588E-4FBE-97DA-772D814B55C0}"
EndProject
Project("{9A19103F-16F7-4668-BE54-9A1E7A4F7556}") = "Day2", "Day2\Day2.csproj", "{9544DE72-0FFE-416E-8552-D7FB0F3FC81E}"
EndProject
Project("{9A19103F-16F7-4668-BE54-9A1E7A4F7556}") = "Day3", "Day3\Day3.csproj", "{CB0B6D25-7799-4F13-8D6D-6ACF27E66A26}"
EndProject
Project("{9A19103F-16F7-4668-BE54-9A1E7A4F7556}") = "Day4", "Day4\Day4.csproj", "{61935497-68ED-4324-A296-B6123E4E041F}"
EndProject
Project("{2150E333-8FDC-42A3-9474-1A3956D46DE8}") = "Solution Items", "Solution Items", "{8AAC87E7-D3AA-4147-AF6E-1681FED552D8}"
	ProjectSection(SolutionItems) = preProject
		.editorconfig = .editorconfig
	EndProjectSection
EndProject
Project("{9A19103F-16F7-4668-BE54-9A1E7A4F7556}") = "Day5", "Day5\Day5.csproj", "{F3AE9DED-BC8B-4532-899A-B3B7BEDA0F86}"
EndProject
Project("{FAE04EC0-301F-11D3-BF4B-00C04F79EFBC}") = "Day6", "Day6\Day6.csproj", "{2D4758F2-5C5B-4721-98A9-170D0FC27EAD}"
EndProject
Global
	GlobalSection(SolutionConfigurationPlatforms) = preSolution
		Debug|Any CPU = Debug|Any CPU
		Release|Any CPU = Release|Any CPU
	EndGlobalSection
	GlobalSection(ProjectConfigurationPlatforms) = postSolution
		{77C89B55-588E-4FBE-97DA-772D814B55C0}.Debug|Any CPU.ActiveCfg = Debug|Any CPU
		{77C89B55-588E-4FBE-97DA-772D814B55C0}.Debug|Any CPU.Build.0 = Debug|Any CPU
		{77C89B55-588E-4FBE-97DA-772D814B55C0}.Release|Any CPU.ActiveCfg = Release|Any CPU
		{77C89B55-588E-4FBE-97DA-772D814B55C0}.Release|Any CPU.Build.0 = Release|Any CPU
		{9544DE72-0FFE-416E-8552-D7FB0F3FC81E}.Debug|Any CPU.ActiveCfg = Debug|Any CPU
		{9544DE72-0FFE-416E-8552-D7FB0F3FC81E}.Debug|Any CPU.Build.0 = Debug|Any CPU
		{9544DE72-0FFE-416E-8552-D7FB0F3FC81E}.Release|Any CPU.ActiveCfg = Release|Any CPU
		{9544DE72-0FFE-416E-8552-D7FB0F3FC81E}.Release|Any CPU.Build.0 = Release|Any CPU
		{CB0B6D25-7799-4F13-8D6D-6ACF27E66A26}.Debug|Any CPU.ActiveCfg = Debug|Any CPU
		{CB0B6D25-7799-4F13-8D6D-6ACF27E66A26}.Debug|Any CPU.Build.0 = Debug|Any CPU
		{CB0B6D25-7799-4F13-8D6D-6ACF27E66A26}.Release|Any CPU.ActiveCfg = Release|Any CPU
		{CB0B6D25-7799-4F13-8D6D-6ACF27E66A26}.Release|Any CPU.Build.0 = Release|Any CPU
		{61935497-68ED-4324-A296-B6123E4E041F}.Debug|Any CPU.ActiveCfg = Debug|Any CPU
		{61935497-68ED-4324-A296-B6123E4E041F}.Debug|Any CPU.Build.0 = Debug|Any CPU
		{61935497-68ED-4324-A296-B6123E4E041F}.Release|Any CPU.ActiveCfg = Release|Any CPU
		{61935497-68ED-4324-A296-B6123E4E041F}.Release|Any CPU.Build.0 = Release|Any CPU
		{F3AE9DED-BC8B-4532-899A-B3B7BEDA0F86}.Debug|Any CPU.ActiveCfg = Debug|Any CPU
		{F3AE9DED-BC8B-4532-899A-B3B7BEDA0F86}.Debug|Any CPU.Build.0 = Debug|Any CPU
		{F3AE9DED-BC8B-4532-899A-B3B7BEDA0F86}.Release|Any CPU.ActiveCfg = Release|Any CPU
		{F3AE9DED-BC8B-4532-899A-B3B7BEDA0F86}.Release|Any CPU.Build.0 = Release|Any CPU
		{2D4758F2-5C5B-4721-98A9-170D0FC27EAD}.Debug|Any CPU.ActiveCfg = Debug|Any CPU
		{2D4758F2-5C5B-4721-98A9-170D0FC27EAD}.Debug|Any CPU.Build.0 = Debug|Any CPU
		{2D4758F2-5C5B-4721-98A9-170D0FC27EAD}.Release|Any CPU.ActiveCfg = Release|Any CPU
		{2D4758F2-5C5B-4721-98A9-170D0FC27EAD}.Release|Any CPU.Build.0 = Release|Any CPU
	EndGlobalSection
	GlobalSection(SolutionProperties) = preSolution
		HideSolutionNode = FALSE
	EndGlobalSection
	GlobalSection(ExtensibilityGlobals) = postSolution
		SolutionGuid = {7C7214DE-58DF-4E40-9367-2A3FE739189A}
	EndGlobalSection
EndGlobal
